
Microsoft Visual Studio Solution File, Format Version 12.00
# Visual Studio Version 17
VisualStudioVersion = 17.6.33815.320
MinimumVisualStudioVersion = 10.0.40219.1
Project("{FAE04EC0-301F-11D3-BF4B-00C04F79EFBC}") = "BMICalculator", "BMICalculator\BMICalculator.csproj", "{F95FA0C1-F0DB-4723-8291-ABC5CDE5824F}"
EndProject
Global
	GlobalSection(SolutionConfigurationPlatforms) = preSolution
		Debug|Any CPU = Debug|Any CPU
		Release|Any CPU = Release|Any CPU
	EndGlobalSection
	GlobalSection(ProjectConfigurationPlatforms) = postSolution
		{F95FA0C1-F0DB-4723-8291-ABC5CDE5824F}.Debug|Any CPU.ActiveCfg = Debug|Any CPU
		{F95FA0C1-F0DB-4723-8291-ABC5CDE5824F}.Debug|Any CPU.Build.0 = Debug|Any CPU
		{F95FA0C1-F0DB-4723-8291-ABC5CDE5824F}.Release|Any CPU.ActiveCfg = Release|Any CPU
		{F95FA0C1-F0DB-4723-8291-ABC5CDE5824F}.Release|Any CPU.Build.0 = Release|Any CPU
	EndGlobalSection
	GlobalSection(SolutionProperties) = preSolution
		HideSolutionNode = FALSE
	EndGlobalSection
	GlobalSection(ExtensibilityGlobals) = postSolution
		SolutionGuid = {0422D826-7A39-45EC-9E32-9691D9D8CA5E}
	EndGlobalSection
EndGlobal
